
Microsoft Visual Studio Solution File, Format Version 12.00
# Visual Studio 15
VisualStudioVersion = 15.0.28307.1259
MinimumVisualStudioVersion = 10.0.40219.1
Project("{8BC9CEB8-8B4A-11D0-8D11-00A0C91BC942}") = "hw", "hw\hw.vcxproj", "{864B5D86-6872-4F0A-8F63-291B86C88B0B}"
EndProject
Global
	GlobalSection(SolutionConfigurationPlatforms) = preSolution
		Debug|x64 = Debug|x64
		Debug|x86 = Debug|x86
		Release|x64 = Release|x64
		Release|x86 = Release|x86
	EndGlobalSection
	GlobalSection(ProjectConfigurationPlatforms) = postSolution
		{864B5D86-6872-4F0A-8F63-291B86C88B0B}.Debug|x64.ActiveCfg = Debug|x64
		{864B5D86-6872-4F0A-8F63-291B86C88B0B}.Debug|x64.Build.0 = Debug|x64
		{864B5D86-6872-4F0A-8F63-291B86C88B0B}.Debug|x86.ActiveCfg = Debug|Win32
		{864B5D86-6872-4F0A-8F63-291B86C88B0B}.Debug|x86.Build.0 = Debug|Win32
		{864B5D86-6872-4F0A-8F63-291B86C88B0B}.Release|x64.ActiveCfg = Release|x64
		{864B5D86-6872-4F0A-8F63-291B86C88B0B}.Release|x64.Build.0 = Release|x64
		{864B5D86-6872-4F0A-8F63-291B86C88B0B}.Release|x86.ActiveCfg = Release|Win32
		{864B5D86-6872-4F0A-8F63-291B86C88B0B}.Release|x86.Build.0 = Release|Win32
	EndGlobalSection
	GlobalSection(SolutionProperties) = preSolution
		HideSolutionNode = FALSE
	EndGlobalSection
	GlobalSection(ExtensibilityGlobals) = postSolution
		SolutionGuid = {75DBAF47-ADC0-4EB4-B9F1-307ECEBD528D}
	EndGlobalSection
EndGlobal
